
Microsoft Visual Studio Solution File, Format Version 12.00
# Visual Studio Version 17
VisualStudioVersion = 17.8.34511.84
MinimumVisualStudioVersion = 10.0.40219.1
Project("{FAE04EC0-301F-11D3-BF4B-00C04F79EFBC}") = "DisplayCountryDetailsApi", "DisplayCountryDetailsApi.csproj", "{2C5809FE-D818-49DE-B667-728D2C436ADE}"
EndProject
Global
	GlobalSection(SolutionConfigurationPlatforms) = preSolution
		Debug|Any CPU = Debug|Any CPU
		Release|Any CPU = Release|Any CPU
	EndGlobalSection
	GlobalSection(ProjectConfigurationPlatforms) = postSolution
		{2C5809FE-D818-49DE-B667-728D2C436ADE}.Debug|Any CPU.ActiveCfg = Debug|Any CPU
		{2C5809FE-D818-49DE-B667-728D2C436ADE}.Debug|Any CPU.Build.0 = Debug|Any CPU
		{2C5809FE-D818-49DE-B667-728D2C436ADE}.Release|Any CPU.ActiveCfg = Release|Any CPU
		{2C5809FE-D818-49DE-B667-728D2C436ADE}.Release|Any CPU.Build.0 = Release|Any CPU
	EndGlobalSection
	GlobalSection(SolutionProperties) = preSolution
		HideSolutionNode = FALSE
	EndGlobalSection
	GlobalSection(ExtensibilityGlobals) = postSolution
		SolutionGuid = {1D9EDFC4-96D9-4797-BCE2-220B708B08B3}
	EndGlobalSection
EndGlobal
